
Microsoft Visual Studio Solution File, Format Version 12.00
# Visual Studio Version 16
VisualStudioVersion = 16.0.31702.278
MinimumVisualStudioVersion = 10.0.40219.1
Project("{FAE04EC0-301F-11D3-BF4B-00C04F79EFBC}") = "EventExample", "EventExample\EventExample.csproj", "{2EADC051-836B-422F-B0D6-A8A30CA767DD}"
EndProject
Global
	GlobalSection(SolutionConfigurationPlatforms) = preSolution
		Debug|Any CPU = Debug|Any CPU
		Release|Any CPU = Release|Any CPU
	EndGlobalSection
	GlobalSection(ProjectConfigurationPlatforms) = postSolution
		{2EADC051-836B-422F-B0D6-A8A30CA767DD}.Debug|Any CPU.ActiveCfg = Debug|Any CPU
		{2EADC051-836B-422F-B0D6-A8A30CA767DD}.Debug|Any CPU.Build.0 = Debug|Any CPU
		{2EADC051-836B-422F-B0D6-A8A30CA767DD}.Release|Any CPU.ActiveCfg = Release|Any CPU
		{2EADC051-836B-422F-B0D6-A8A30CA767DD}.Release|Any CPU.Build.0 = Release|Any CPU
	EndGlobalSection
	GlobalSection(SolutionProperties) = preSolution
		HideSolutionNode = FALSE
	EndGlobalSection
	GlobalSection(ExtensibilityGlobals) = postSolution
		SolutionGuid = {95EB819F-7246-4FDF-8635-636D234522F5}
	EndGlobalSection
EndGlobal
